
Microsoft Visual Studio Solution File, Format Version 12.00
Project("{FAE04EC0-301F-11D3-BF4B-00C04F79EFBC}") = "DatingAPI", "DatingAPI.csproj", "{45D15AEC-A9BA-4FB6-AE03-E915B4A6B1D6}"
EndProject
Global
	GlobalSection(SolutionConfigurationPlatforms) = preSolution
		Debug|Any CPU = Debug|Any CPU
		Release|Any CPU = Release|Any CPU
	EndGlobalSection
	GlobalSection(ProjectConfigurationPlatforms) = postSolution
		{45D15AEC-A9BA-4FB6-AE03-E915B4A6B1D6}.Debug|Any CPU.ActiveCfg = Debug|Any CPU
		{45D15AEC-A9BA-4FB6-AE03-E915B4A6B1D6}.Debug|Any CPU.Build.0 = Debug|Any CPU
		{45D15AEC-A9BA-4FB6-AE03-E915B4A6B1D6}.Release|Any CPU.ActiveCfg = Release|Any CPU
		{45D15AEC-A9BA-4FB6-AE03-E915B4A6B1D6}.Release|Any CPU.Build.0 = Release|Any CPU
	EndGlobalSection
EndGlobal
